github.com/mattn/go-sqlite3 v1.11.0 h1:LDdKkqtYlom37fkvqs8rMPFKAMe8+SgjbwZ6ex1/A/Q=
github.com/mattn/go-sqlite3 v1.11.0/go.mod h1:FPy6KqzDD04eiIsT53CuJW3U88zkxoIYsOqkbpncsNc=
github.com/rusq/osx-callhistory-decryptor v0.0.0-20180801062329-fd48a3bc0b25 h1:CBgyw3V8eAVBza6s/OFB3QJefaMeERe1kd2TbO6vUdY=
